
Microsoft Visual Studio Solution File, Format Version 12.00
# Visual Studio Version 16
VisualStudioVersion = 16.0.29215.179
MinimumVisualStudioVersion = 10.0.40219.1
Project("{FAE04EC0-301F-11D3-BF4B-00C04F79EFBC}") = "DungeonTasker.Android", "DungeonTasker\DungeonTasker.Android\DungeonTasker.Android.csproj", "{CD924127-6B12-45AD-974B-53E6E8D46559}"
EndProject
Project("{FAE04EC0-301F-11D3-BF4B-00C04F79EFBC}") = "DungeonTasker.iOS", "DungeonTasker\DungeonTasker.iOS\DungeonTasker.iOS.csproj", "{43526F0F-0DE5-4210-9AA7-844502BCFE65}"
EndProject
Project("{9A19103F-16F7-4668-BE54-9A1E7A4F7556}") = "DungeonTasker", "DungeonTasker\DungeonTasker\DungeonTasker.csproj", "{06B35D96-E015-4B28-B8CD-DF2FF0FB3177}"
EndProject
Global
	GlobalSection(SolutionConfigurationPlatforms) = preSolution
		Ad-Hoc|Any CPU = Ad-Hoc|Any CPU
		Ad-Hoc|ARM = Ad-Hoc|ARM
		Ad-Hoc|iPhone = Ad-Hoc|iPhone
		Ad-Hoc|iPhoneSimulator = Ad-Hoc|iPhoneSimulator
		Ad-Hoc|x64 = Ad-Hoc|x64
		Ad-Hoc|x86 = Ad-Hoc|x86
		AppStore|Any CPU = AppStore|Any CPU
		AppStore|ARM = AppStore|ARM
		AppStore|iPhone = AppStore|iPhone
		AppStore|iPhoneSimulator = AppStore|iPhoneSimulator
		AppStore|x64 = AppStore|x64
		AppStore|x86 = AppStore|x86
		Debug|Any CPU = Debug|Any CPU
		Debug|ARM = Debug|ARM
		Debug|iPhone = Debug|iPhone
		Debug|iPhoneSimulator = Debug|iPhoneSimulator
		Debug|x64 = Debug|x64
		Debug|x86 = Debug|x86
		Release|Any CPU = Release|Any CPU
		Release|ARM = Release|ARM
		Release|iPhone = Release|iPhone
		Release|iPhoneSimulator = Release|iPhoneSimulator
		Release|x64 = Release|x64
		Release|x86 = Release|x86
	EndGlobalSection
	GlobalSection(ProjectConfigurationPlatforms) = postSolution
		{CD924127-6B12-45AD-974B-53E6E8D46559}.Ad-Hoc|Any CPU.ActiveCfg = Release|Any CPU
		{CD924127-6B12-45AD-974B-53E6E8D46559}.Ad-Hoc|Any CPU.Build.0 = Release|Any CPU
		{CD924127-6B12-45AD-974B-53E6E8D46559}.Ad-Hoc|Any CPU.Deploy.0 = Release|Any CPU
		{CD924127-6B12-45AD-974B-53E6E8D46559}.Ad-Hoc|ARM.ActiveCfg = Release|Any CPU
		{CD924127-6B12-45AD-974B-53E6E8D46559}.Ad-Hoc|ARM.Build.0 = Release|Any CPU
		{CD924127-6B12-45AD-974B-53E6E8D46559}.Ad-Hoc|ARM.Deploy.0 = Release|Any CPU
		{CD924127-6B12-45AD-974B-53E6E8D46559}.Ad-Hoc|iPhone.ActiveCfg = Release|Any CPU
		{CD924127-6B12-45AD-974B-53E6E8D46559}.Ad-Hoc|iPhone.Build.0 = Release|Any CPU
		{CD924127-6B12-45AD-974B-53E6E8D46559}.Ad-Hoc|iPhone.Deploy.0 = Release|Any CPU
		{CD924127-6B12-45AD-974B-53E6E8D46559}.Ad-Hoc|iPhoneSimulator.ActiveCfg = Release|Any CPU
		{CD924127-6B12-45AD-974B-53E6E8D46559}.Ad-Hoc|iPhoneSimulator.Build.0 = Release|Any CPU
		{CD924127-6B12-45AD-974B-53E6E8D46559}.Ad-Hoc|iPhoneSimulator.Deploy.0 = Release|Any CPU
		{CD924127-6B12-45AD-974B-53E6E8D46559}.Ad-Hoc|x64.ActiveCfg = Release|Any CPU
		{CD924127-6B12-45AD-974B-53E6E8D46559}.Ad-Hoc|x64.Build.0 = Release|Any CPU
		{CD924127-6B12-45AD-974B-53E6E8D46559}.Ad-Hoc|x64.Deploy.0 = Release|Any CPU
		{CD924127-6B12-45AD-974B-53E6E8D46559}.Ad-Hoc|x86.ActiveCfg = Release|Any CPU
		{CD924127-6B12-45AD-974B-53E6E8D46559}.Ad-Hoc|x86.Build.0 = Release|Any CPU
		{CD924127-6B12-45AD-974B-53E6E8D46559}.Ad-Hoc|x86.Deploy.0 = Release|Any CPU
		{CD924127-6B12-45AD-974B-53E6E8D46559}.AppStore|Any CPU.ActiveCfg = Release|Any CPU
		{CD924127-6B12-45AD-974B-53E6E8D46559}.AppStore|Any CPU.Build.0 = Release|Any CPU
		{CD924127-6B12-45AD-974B-53E6E8D46559}.AppStore|Any CPU.Deploy.0 = Release|Any CPU
		{CD924127-6B12-45AD-974B-53E6E8D46559}.AppStore|ARM.ActiveCfg = Release|Any CPU
		{CD924127-6B12-45AD-974B-53E6E8D46559}.AppStore|ARM.Build.0 = Release|Any CPU
		{CD924127-6B12-45AD-974B-53E6E8D46559}.AppStore|ARM.Deploy.0 = Release|Any CPU
		{CD924127-6B12-45AD-974B-53E6E8D46559}.AppStore|iPhone.ActiveCfg = Release|Any CPU
		{CD924127-6B12-45AD-974B-53E6E8D46559}.AppStore|iPhone.Build.0 = Release|Any CPU
		{CD924127-6B12-45AD-974B-53E6E8D46559}.AppStore|iPhone.Deploy.0 = Release|Any CPU
		{CD924127-6B12-45AD-974B-53E6E8D46559}.AppStore|iPhoneSimulator.ActiveCfg = Release|Any CPU
		{CD924127-6B12-45AD-974B-53E6E8D46559}.AppStore|iPhoneSimulator.Build.0 = Release|Any CPU
		{CD924127-6B12-45AD-974B-53E6E8D46559}.AppStore|iPhoneSimulator.Deploy.0 = Release|Any CPU
		{CD924127-6B12-45AD-974B-53E6E8D46559}.AppStore|x64.ActiveCfg = Release|Any CPU
		{CD924127-6B12-45AD-974B-53E6E8D46559}.AppStore|x64.Build.0 = Release|Any CPU
		{CD924127-6B12-45AD-974B-53E6E8D46559}.AppStore|x64.Deploy.0 = Release|Any CPU
		{CD924127-6B12-45AD-974B-53E6E8D46559}.AppStore|x86.ActiveCfg = Release|Any CPU
		{CD924127-6B12-45AD-974B-53E6E8D46559}.AppStore|x86.Build.0 = Release|Any CPU
		{CD924127-6B12-45AD-974B-53E6E8D46559}.AppStore|x86.Deploy.0 = Release|Any CPU
		{CD924127-6B12-45AD-974B-53E6E8D46559}.Debug|Any CPU.ActiveCfg = Debug|Any CPU
		{CD924127-6B12-45AD-974B-53E6E8D46559}.Debug|Any CPU.Build.0 = Debug|Any CPU
		{CD924127-6B12-45AD-974B-53E6E8D46559}.Debug|Any CPU.Deploy.0 = Debug|Any CPU
		{CD924127-6B12-45AD-974B-53E6E8D46559}.Debug|ARM.ActiveCfg = Debug|Any CPU
		{CD924127-6B12-45AD-974B-53E6E8D46559}.Debug|ARM.Build.0 = Debug|Any CPU
		{CD924127-6B12-45AD-974B-53E6E8D46559}.Debug|ARM.Deploy.0 = Debug|Any CPU
		{CD924127-6B12-45AD-974B-53E6E8D46559}.Debug|iPhone.ActiveCfg = Debug|Any CPU
		{CD924127-6B12-45AD-974B-53E6E8D46559}.Debug|iPhone.Build.0 = Debug|Any CPU
		{CD924127-6B12-45AD-974B-53E6E8D46559}.Debug|iPhone.Deploy.0 = Debug|Any CPU
		{CD924127-6B12-45AD-974B-53E6E8D46559}.Debug|iPhoneSimulator.ActiveCfg = Debug|Any CPU
		{CD924127-6B12-45AD-974B-53E6E8D46559}.Debug|iPhoneSimulator.Build.0 = Debug|Any CPU
		{CD924127-6B12-45AD-974B-53E6E8D46559}.Debug|iPhoneSimulator.Deploy.0 = Debug|Any CPU
		{CD924127-6B12-45AD-974B-53E6E8D46559}.Debug|x64.ActiveCfg = Debug|Any CPU
		{CD924127-6B12-45AD-974B-53E6E8D46559}.Debug|x64.Build.0 = Debug|Any CPU
		{CD924127-6B12-45AD-974B-53E6E8D46559}.Debug|x64.Deploy.0 = Debug|Any CPU
		{CD924127-6B12-45AD-974B-53E6E8D46559}.Debug|x86.ActiveCfg = Debug|Any CPU
		{CD924127-6B12-45AD-974B-53E6E8D46559}.Debug|x86.Build.0 = Debug|Any CPU
		{CD924127-6B12-45AD-974B-53E6E8D46559}.Debug|x86.Deploy.0 = Debug|Any CPU
		{CD924127-6B12-45AD-974B-53E6E8D46559}.Release|Any CPU.ActiveCfg = Release|Any CPU
		{CD924127-6B12-45AD-974B-53E6E8D46559}.Release|Any CPU.Build.0 = Release|Any CPU
		{CD924127-6B12-45AD-974B-53E6E8D46559}.Release|Any CPU.Deploy.0 = Release|Any CPU
		{CD924127-6B12-45AD-974B-53E6E8D46559}.Release|ARM.ActiveCfg = Release|Any CPU
		{CD924127-6B12-45AD-974B-53E6E8D46559}.Release|ARM.Build.0 = Release|Any CPU
		{CD924127-6B12-45AD-974B-53E6E8D46559}.Release|ARM.Deploy.0 = Release|Any CPU
		{CD924127-6B12-45AD-974B-53E6E8D46559}.Release|iPhone.ActiveCfg = Release|Any CPU
		{CD924127-6B12-45AD-974B-53E6E8D46559}.Release|iPhone.Build.0 = Release|Any CPU
		{CD924127-6B12-45AD-974B-53E6E8D46559}.Release|iPhone.Deploy.0 = Release|Any CPU
		{CD924127-6B12-45AD-974B-53E6E8D46559}.Release|iPhoneSimulator.ActiveCfg = Release|Any CPU
		{CD924127-6B12-45AD-974B-53E6E8D46559}.Release|iPhoneSimulator.Build.0 = Release|Any CPU
		{CD924127-6B12-45AD-974B-53E6E8D46559}.Release|iPhoneSimulator.Deploy.0 = Release|Any CPU
		{CD924127-6B12-45AD-974B-53E6E8D46559}.Release|x64.ActiveCfg = Release|Any CPU
		{CD924127-6B12-45AD-974B-53E6E8D46559}.Release|x64.Build.0 = Release|Any CPU
		{CD924127-6B12-45AD-974B-53E6E8D46559}.Release|x64.Deploy.0 = Release|Any CPU
		{CD924127-6B12-45AD-974B-53E6E8D46559}.Release|x86.ActiveCfg = Release|Any CPU
		{CD924127-6B12-45AD-974B-53E6E8D46559}.Release|x86.Build.0 = Release|Any CPU
		{CD924127-6B12-45AD-974B-53E6E8D46559}.Release|x86.Deploy.0 = Release|Any CPU
		{43526F0F-0DE5-4210-9AA7-844502BCFE65}.Ad-Hoc|Any CPU.ActiveCfg = Ad-Hoc|iPhone
		{43526F0F-0DE5-4210-9AA7-844502BCFE65}.Ad-Hoc|Any CPU.Build.0 = Ad-Hoc|iPhone
		{43526F0F-0DE5-4210-9AA7-844502BCFE65}.Ad-Hoc|Any CPU.Deploy.0 = Ad-Hoc|iPhone
		{43526F0F-0DE5-4210-9AA7-844502BCFE65}.Ad-Hoc|ARM.ActiveCfg = Ad-Hoc|iPhone
		{43526F0F-0DE5-4210-9AA7-844502BCFE65}.Ad-Hoc|ARM.Build.0 = Ad-Hoc|iPhone
		{43526F0F-0DE5-4210-9AA7-844502BCFE65}.Ad-Hoc|ARM.Deploy.0 = Ad-Hoc|iPhone
		{43526F0F-0DE5-4210-9AA7-844502BCFE65}.Ad-Hoc|iPhone.ActiveCfg = Ad-Hoc|iPhone
		{43526F0F-0DE5-4210-9AA7-844502BCFE65}.Ad-Hoc|iPhone.Build.0 = Ad-Hoc|iPhone
		{43526F0F-0DE5-4210-9AA7-844502BCFE65}.Ad-Hoc|iPhone.Deploy.0 = Ad-Hoc|iPhone
		{43526F0F-0DE5-4210-9AA7-844502BCFE65}.Ad-Hoc|iPhoneSimulator.ActiveCfg = Ad-Hoc|iPhoneSimulator
		{43526F0F-0DE5-4210-9AA7-844502BCFE65}.Ad-Hoc|iPhoneSimulator.Build.0 = Ad-Hoc|iPhoneSimulator
		{43526F0F-0DE5-4210-9AA7-844502BCFE65}.Ad-Hoc|iPhoneSimulator.Deploy.0 = Ad-Hoc|iPhoneSimulator
		{43526F0F-0DE5-4210-9AA7-844502BCFE65}.Ad-Hoc|x64.ActiveCfg = Ad-Hoc|iPhone
		{43526F0F-0DE5-4210-9AA7-844502BCFE65}.Ad-Hoc|x64.Build.0 = Ad-Hoc|iPhone
		{43526F0F-0DE5-4210-9AA7-844502BCFE65}.Ad-Hoc|x64.Deploy.0 = Ad-Hoc|iPhone
		{43526F0F-0DE5-4210-9AA7-844502BCFE65}.Ad-Hoc|x86.ActiveCfg = Ad-Hoc|iPhone
		{43526F0F-0DE5-4210-9AA7-844502BCFE65}.Ad-Hoc|x86.Build.0 = Ad-Hoc|iPhone
		{43526F0F-0DE5-4210-9AA7-844502BCFE65}.Ad-Hoc|x86.Deploy.0 = Ad-Hoc|iPhone
		{43526F0F-0DE5-4210-9AA7-844502BCFE65}.AppStore|Any CPU.ActiveCfg = AppStore|iPhone
		{43526F0F-0DE5-4210-9AA7-844502BCFE65}.AppStore|Any CPU.Build.0 = AppStore|iPhone
		{43526F0F-0DE5-4210-9AA7-844502BCFE65}.AppStore|Any CPU.Deploy.0 = AppStore|iPhone
		{43526F0F-0DE5-4210-9AA7-844502BCFE65}.AppStore|ARM.ActiveCfg = AppStore|iPhone
		{43526F0F-0DE5-4210-9AA7-844502BCFE65}.AppStore|ARM.Build.0 = AppStore|iPhone
		{43526F0F-0DE5-4210-9AA7-844502BCFE65}.AppStore|ARM.Deploy.0 = AppStore|iPhone
		{43526F0F-0DE5-4210-9AA7-844502BCFE65}.AppStore|iPhone.ActiveCfg = AppStore|iPhone
		{43526F0F-0DE5-4210-9AA7-844502BCFE65}.AppStore|iPhone.Build.0 = AppStore|iPhone
		{43526F0F-0DE5-4210-9AA7-844502BCFE65}.AppStore|iPhone.Deploy.0 = AppStore|iPhone
		{43526F0F-0DE5-4210-9AA7-844502BCFE65}.AppStore|iPhoneSimulator.ActiveCfg = AppStore|iPhoneSimulator
		{43526F0F-0DE5-4210-9AA7-844502BCFE65}.AppStore|iPhoneSimulator.Build.0 = AppStore|iPhoneSimulator
		{43526F0F-0DE5-4210-9AA7-844502BCFE65}.AppStore|iPhoneSimulator.Deploy.0 = AppStore|iPhoneSimulator
		{43526F0F-0DE5-4210-9AA7-844502BCFE65}.AppStore|x64.ActiveCfg = AppStore|iPhone
		{43526F0F-0DE5-4210-9AA7-844502BCFE65}.AppStore|x64.Build.0 = AppStore|iPhone
		{43526F0F-0DE5-4210-9AA7-844502BCFE65}.AppStore|x64.Deploy.0 = AppStore|iPhone
		{43526F0F-0DE5-4210-9AA7-844502BCFE65}.AppStore|x86.ActiveCfg = AppStore|iPhone
		{43526F0F-0DE5-4210-9AA7-844502BCFE65}.AppStore|x86.Build.0 = AppStore|iPhone
		{43526F0F-0DE5-4210-9AA7-844502BCFE65}.AppStore|x86.Deploy.0 = AppStore|iPhone
		{43526F0F-0DE5-4210-9AA7-844502BCFE65}.Debug|Any CPU.ActiveCfg = Debug|iPhoneSimulator
		{43526F0F-0DE5-4210-9AA7-844502BCFE65}.Debug|Any CPU.Deploy.0 = Debug|iPhoneSimulator
		{43526F0F-0DE5-4210-9AA7-844502BCFE65}.Debug|ARM.ActiveCfg = Debug|iPhone
		{43526F0F-0DE5-4210-9AA7-844502BCFE65}.Debug|ARM.Build.0 = Debug|iPhone
		{43526F0F-0DE5-4210-9AA7-844502BCFE65}.Debug|ARM.Deploy.0 = Debug|iPhone
		{43526F0F-0DE5-4210-9AA7-844502BCFE65}.Debug|iPhone.ActiveCfg = Debug|iPhone
		{43526F0F-0DE5-4210-9AA7-844502BCFE65}.Debug|iPhone.Build.0 = Debug|iPhone
		{43526F0F-0DE5-4210-9AA7-844502BCFE65}.Debug|iPhone.Deploy.0 = Debug|iPhone
		{43526F0F-0DE5-4210-9AA7-844502BCFE65}.Debug|iPhoneSimulator.ActiveCfg = Debug|iPhoneSimulator
		{43526F0F-0DE5-4210-9AA7-844502BCFE65}.Debug|iPhoneSimulator.Build.0 = Debug|iPhoneSimulator
		{43526F0F-0DE5-4210-9AA7-844502BCFE65}.Debug|iPhoneSimulator.Deploy.0 = Debug|iPhoneSimulator
		{43526F0F-0DE5-4210-9AA7-844502BCFE65}.Debug|x64.ActiveCfg = Debug|iPhone
		{43526F0F-0DE5-4210-9AA7-844502BCFE65}.Debug|x64.Build.0 = Debug|iPhone
		{43526F0F-0DE5-4210-9AA7-844502BCFE65}.Debug|x64.Deploy.0 = Debug|iPhone
		{43526F0F-0DE5-4210-9AA7-844502BCFE65}.Debug|x86.ActiveCfg = Debug|iPhone
		{43526F0F-0DE5-4210-9AA7-844502BCFE65}.Debug|x86.Build.0 = Debug|iPhone
		{43526F0F-0DE5-4210-9AA7-844502BCFE65}.Debug|x86.Deploy.0 = Debug|iPhone
		{43526F0F-0DE5-4210-9AA7-844502BCFE65}.Release|Any CPU.ActiveCfg = Debug|iPhone
		{43526F0F-0DE5-4210-9AA7-844502BCFE65}.Release|Any CPU.Deploy.0 = Debug|iPhone
		{43526F0F-0DE5-4210-9AA7-844502BCFE65}.Release|ARM.ActiveCfg = Release|iPhone
		{43526F0F-0DE5-4210-9AA7-844502BCFE65}.Release|ARM.Build.0 = Release|iPhone
		{43526F0F-0DE5-4210-9AA7-844502BCFE65}.Release|ARM.Deploy.0 = Release|iPhone
		{43526F0F-0DE5-4210-9AA7-844502BCFE65}.Release|iPhone.ActiveCfg = Release|iPhone
		{43526F0F-0DE5-4210-9AA7-844502BCFE65}.Release|iPhone.Build.0 = Release|iPhone
		{43526F0F-0DE5-4210-9AA7-844502BCFE65}.Release|iPhone.Deploy.0 = Release|iPhone
		{43526F0F-0DE5-4210-9AA7-844502BCFE65}.Release|iPhoneSimulator.ActiveCfg = Release|iPhoneSimulator
		{43526F0F-0DE5-4210-9AA7-844502BCFE65}.Release|iPhoneSimulator.Build.0 = Release|iPhoneSimulator
		{43526F0F-0DE5-4210-9AA7-844502BCFE65}.Release|iPhoneSimulator.Deploy.0 = Release|iPhoneSimulator
		{43526F0F-0DE5-4210-9AA7-844502BCFE65}.Release|x64.ActiveCfg = Release|iPhone
		{43526F0F-0DE5-4210-9AA7-844502BCFE65}.Release|x64.Build.0 = Release|iPhone
		{43526F0F-0DE5-4210-9AA7-844502BCFE65}.Release|x64.Deploy.0 = Release|iPhone
		{43526F0F-0DE5-4210-9AA7-844502BCFE65}.Release|x86.ActiveCfg = Release|iPhone
		{43526F0F-0DE5-4210-9AA7-844502BCFE65}.Release|x86.Build.0 = Release|iPhone
		{43526F0F-0DE5-4210-9AA7-844502BCFE65}.Release|x86.Deploy.0 = Release|iPhone
		{06B35D96-E015-4B28-B8CD-DF2FF0FB3177}.Ad-Hoc|Any CPU.ActiveCfg = Debug|Any CPU
		{06B35D96-E015-4B28-B8CD-DF2FF0FB3177}.Ad-Hoc|Any CPU.Build.0 = Debug|Any CPU
		{06B35D96-E015-4B28-B8CD-DF2FF0FB3177}.Ad-Hoc|Any CPU.Deploy.0 = Debug|Any CPU
		{06B35D96-E015-4B28-B8CD-DF2FF0FB3177}.Ad-Hoc|ARM.ActiveCfg = Debug|Any CPU
		{06B35D96-E015-4B28-B8CD-DF2FF0FB3177}.Ad-Hoc|ARM.Build.0 = Debug|Any CPU
		{06B35D96-E015-4B28-B8CD-DF2FF0FB3177}.Ad-Hoc|ARM.Deploy.0 = Debug|Any CPU
		{06B35D96-E015-4B28-B8CD-DF2FF0FB3177}.Ad-Hoc|iPhone.ActiveCfg = Debug|Any CPU
		{06B35D96-E015-4B28-B8CD-DF2FF0FB3177}.Ad-Hoc|iPhone.Build.0 = Debug|Any CPU
		{06B35D96-E015-4B28-B8CD-DF2FF0FB3177}.Ad-Hoc|iPhone.Deploy.0 = Debug|Any CPU
		{06B35D96-E015-4B28-B8CD-DF2FF0FB3177}.Ad-Hoc|iPhoneSimulator.ActiveCfg = Debug|Any CPU
		{06B35D96-E015-4B28-B8CD-DF2FF0FB3177}.Ad-Hoc|iPhoneSimulator.Build.0 = Debug|Any CPU
		{06B35D96-E015-4B28-B8CD-DF2FF0FB3177}.Ad-Hoc|iPhoneSimulator.Deploy.0 = Debug|Any CPU
		{06B35D96-E015-4B28-B8CD-DF2FF0FB3177}.Ad-Hoc|x64.ActiveCfg = Debug|Any CPU
		{06B35D96-E015-4B28-B8CD-DF2FF0FB3177}.Ad-Hoc|x64.Build.0 = Debug|Any CPU
		{06B35D96-E015-4B28-B8CD-DF2FF0FB3177}.Ad-Hoc|x64.Deploy.0 = Debug|Any CPU
		{06B35D96-E015-4B28-B8CD-DF2FF0FB3177}.Ad-Hoc|x86.ActiveCfg = Debug|Any CPU
		{06B35D96-E015-4B28-B8CD-DF2FF0FB3177}.Ad-Hoc|x86.Build.0 = Debug|Any CPU
		{06B35D96-E015-4B28-B8CD-DF2FF0FB3177}.Ad-Hoc|x86.Deploy.0 = Debug|Any CPU
		{06B35D96-E015-4B28-B8CD-DF2FF0FB3177}.AppStore|Any CPU.ActiveCfg = Debug|Any CPU
		{06B35D96-E015-4B28-B8CD-DF2FF0FB3177}.AppStore|Any CPU.Build.0 = Debug|Any CPU
		{06B35D96-E015-4B28-B8CD-DF2FF0FB3177}.AppStore|Any CPU.Deploy.0 = Debug|Any CPU
		{06B35D96-E015-4B28-B8CD-DF2FF0FB3177}.AppStore|ARM.ActiveCfg = Debug|Any CPU
		{06B35D96-E015-4B28-B8CD-DF2FF0FB3177}.AppStore|ARM.Build.0 = Debug|Any CPU
		{06B35D96-E015-4B28-B8CD-DF2FF0FB3177}.AppStore|ARM.Deploy.0 = Debug|Any CPU
		{06B35D96-E015-4B28-B8CD-DF2FF0FB3177}.AppStore|iPhone.ActiveCfg = Debug|Any CPU
		{06B35D96-E015-4B28-B8CD-DF2FF0FB3177}.AppStore|iPhone.Build.0 = Debug|Any CPU
		{06B35D96-E015-4B28-B8CD-DF2FF0FB3177}.AppStore|iPhone.Deploy.0 = Debug|Any CPU
		{06B35D96-E015-4B28-B8CD-DF2FF0FB3177}.AppStore|iPhoneSimulator.ActiveCfg = Debug|Any CPU
		{06B35D96-E015-4B28-B8CD-DF2FF0FB3177}.AppStore|iPhoneSimulator.Build.0 = Debug|Any CPU
		{06B35D96-E015-4B28-B8CD-DF2FF0FB3177}.AppStore|iPhoneSimulator.Deploy.0 = Debug|Any CPU
		{06B35D96-E015-4B28-B8CD-DF2FF0FB3177}.AppStore|x64.ActiveCfg = Debug|Any CPU
		{06B35D96-E015-4B28-B8CD-DF2FF0FB3177}.AppStore|x64.Build.0 = Debug|Any CPU
		{06B35D96-E015-4B28-B8CD-DF2FF0FB3177}.AppStore|x64.Deploy.0 = Debug|Any CPU
		{06B35D96-E015-4B28-B8CD-DF2FF0FB3177}.AppStore|x86.ActiveCfg = Debug|Any CPU
		{06B35D96-E015-4B28-B8CD-DF2FF0FB3177}.AppStore|x86.Build.0 = Debug|Any CPU
		{06B35D96-E015-4B28-B8CD-DF2FF0FB3177}.AppStore|x86.Deploy.0 = Debug|Any CPU
		{06B35D96-E015-4B28-B8CD-DF2FF0FB3177}.Debug|Any CPU.ActiveCfg = Debug|Any CPU
		{06B35D96-E015-4B28-B8CD-DF2FF0FB3177}.Debug|Any CPU.Build.0 = Debug|Any CPU
		{06B35D96-E015-4B28-B8CD-DF2FF0FB3177}.Debug|Any CPU.Deploy.0 = Debug|Any CPU
		{06B35D96-E015-4B28-B8CD-DF2FF0FB3177}.Debug|ARM.ActiveCfg = Debug|Any CPU
		{06B35D96-E015-4B28-B8CD-DF2FF0FB3177}.Debug|ARM.Build.0 = Debug|Any CPU
		{06B35D96-E015-4B28-B8CD-DF2FF0FB3177}.Debug|ARM.Deploy.0 = Debug|Any CPU
		{06B35D96-E015-4B28-B8CD-DF2FF0FB3177}.Debug|iPhone.ActiveCfg = Debug|Any CPU
		{06B35D96-E015-4B28-B8CD-DF2FF0FB3177}.Debug|iPhone.Build.0 = Debug|Any CPU
		{06B35D96-E015-4B28-B8CD-DF2FF0FB3177}.Debug|iPhone.Deploy.0 = Debug|Any CPU
		{06B35D96-E015-4B28-B8CD-DF2FF0FB3177}.Debug|iPhoneSimulator.ActiveCfg = Debug|Any CPU
		{06B35D96-E015-4B28-B8CD-DF2FF0FB3177}.Debug|iPhoneSimulator.Build.0 = Debug|Any CPU
		{06B35D96-E015-4B28-B8CD-DF2FF0FB3177}.Debug|iPhoneSimulator.Deploy.0 = Debug|Any CPU
		{06B35D96-E015-4B28-B8CD-DF2FF0FB3177}.Debug|x64.ActiveCfg = Debug|Any CPU
		{06B35D96-E015-4B28-B8CD-DF2FF0FB3177}.Debug|x64.Build.0 = Debug|Any CPU
		{06B35D96-E015-4B28-B8CD-DF2FF0FB3177}.Debug|x64.Deploy.0 = Debug|Any CPU
		{06B35D96-E015-4B28-B8CD-DF2FF0FB3177}.Debug|x86.ActiveCfg = Debug|Any CPU
		{06B35D96-E015-4B28-B8CD-DF2FF0FB3177}.Debug|x86.Build.0 = Debug|Any CPU
		{06B35D96-E015-4B28-B8CD-DF2FF0FB3177}.Debug|x86.Deploy.0 = Debug|Any CPU
		{06B35D96-E015-4B28-B8CD-DF2FF0FB3177}.Release|Any CPU.ActiveCfg = Release|Any CPU
		{06B35D96-E015-4B28-B8CD-DF2FF0FB3177}.Release|Any CPU.Build.0 = Release|Any CPU
		{06B35D96-E015-4B28-B8CD-DF2FF0FB3177}.Release|Any CPU.Deploy.0 = Release|Any CPU
		{06B35D96-E015-4B28-B8CD-DF2FF0FB3177}.Release|ARM.ActiveCfg = Release|Any CPU
		{06B35D96-E015-4B28-B8CD-DF2FF0FB3177}.Release|ARM.Build.0 = Release|Any CPU
		{06B35D96-E015-4B28-B8CD-DF2FF0FB3177}.Release|ARM.Deploy.0 = Release|Any CPU
		{06B35D96-E015-4B28-B8CD-DF2FF0FB3177}.Release|iPhone.ActiveCfg = Release|Any CPU
		{06B35D96-E015-4B28-B8CD-DF2FF0FB3177}.Release|iPhone.Build.0 = Release|Any CPU
		{06B35D96-E015-4B28-B8CD-DF2FF0FB3177}.Release|iPhone.Deploy.0 = Release|Any CPU
		{06B35D96-E015-4B28-B8CD-DF2FF0FB3177}.Release|iPhoneSimulator.ActiveCfg = Release|Any CPU
		{06B35D96-E015-4B28-B8CD-DF2FF0FB3177}.Release|iPhoneSimulator.Build.0 = Release|Any CPU
		{06B35D96-E015-4B28-B8CD-DF2FF0FB3177}.Release|iPhoneSimulator.Deploy.0 = Release|Any CPU
		{06B35D96-E015-4B28-B8CD-DF2FF0FB3177}.Release|x64.ActiveCfg = Release|Any CPU
		{06B35D96-E015-4B28-B8CD-DF2FF0FB3177}.Release|x64.Build.0 = Release|Any CPU
		{06B35D96-E015-4B28-B8CD-DF2FF0FB3177}.Release|x64.Deploy.0 = Release|Any CPU
		{06B35D96-E015-4B28-B8CD-DF2FF0FB3177}.Release|x86.ActiveCfg = Release|Any CPU
		{06B35D96-E015-4B28-B8CD-DF2FF0FB3177}.Release|x86.Build.0 = Release|Any CPU
		{06B35D96-E015-4B28-B8CD-DF2FF0FB3177}.Release|x86.Deploy.0 = Release|Any CPU
	EndGlobalSection
	GlobalSection(SolutionProperties) = preSolution
		HideSolutionNode = FALSE
	EndGlobalSection
	GlobalSection(ExtensibilityGlobals) = postSolution
		SolutionGuid = {0ACAF77A-7C12-4F8B-A2A6-71AA80921F19}
	EndGlobalSection
EndGlobal
